{
    "hash": "cb612723e4941c1f52d872cedad00610",
    "packages": [
        {
            "name": "predis/predis",
            "version": "v0.8.0",
            "source": {
                "type": "git",
                "url": "git://github.com/nrk/predis.git",
                "reference": "v0.8.0"
            },
            "dist": {
                "type": "zip",
                "url": "https://github.com/nrk/predis/zipball/v0.8.0",
                "reference": "v0.8.0",
                "shasum": ""
            },
            "require": {
                "php": ">=5.3.2"
            },
            "suggest": {
                "ext-phpiredis": "Allows faster serialization and deserialization of the Redis protocol",
                "ext-curl": "Allows access to Webdis when paired with phpiredis"
            },
            "time": "2012-10-22 16:46:05",
            "type": "library",
            "installation-source": "dist",
            "autoload": {
                "psr-0": {
                    "Predis": "lib/"
                }
            },
            "notification-url": "https://packagist.org/downloads/",
            "license": [
                "MIT"
            ],
            "authors": [
                {
                    "name": "Daniele Alessandri",
                    "email": "suppakilla@gmail.com",
                    "homepage": "http://clorophilla.net"
                }
            ],
            "description": "Flexible and feature-complete PHP client library for Redis",
            "homepage": "http://github.com/nrk/predis",
            "keywords": [
                "nosql",
                "redis",
                "predis"
            ]
        }
    ],
    "packages-dev": null,
    "aliases": [

    ],
    "minimum-stability": "stable",
    "stability-flags": [

    ]
}
